
Microsoft Visual Studio Solution File, Format Version 12.00
# Visual Studio Version 16
VisualStudioVersion = 16.0.31911.196
MinimumVisualStudioVersion = 10.0.40219.1
Project("{FAE04EC0-301F-11D3-BF4B-00C04F79EFBC}") = "heightcalc", "heightcalc.csproj", "{030BF5F7-9D73-489E-A008-E83699129DBC}"
EndProject
Global
	GlobalSection(SolutionConfigurationPlatforms) = preSolution
		Debug|Any CPU = Debug|Any CPU
		Release|Any CPU = Release|Any CPU
	EndGlobalSection
	GlobalSection(ProjectConfigurationPlatforms) = postSolution
		{030BF5F7-9D73-489E-A008-E83699129DBC}.Debug|Any CPU.ActiveCfg = Debug|Any CPU
		{030BF5F7-9D73-489E-A008-E83699129DBC}.Debug|Any CPU.Build.0 = Debug|Any CPU
		{030BF5F7-9D73-489E-A008-E83699129DBC}.Release|Any CPU.ActiveCfg = Release|Any CPU
		{030BF5F7-9D73-489E-A008-E83699129DBC}.Release|Any CPU.Build.0 = Release|Any CPU
	EndGlobalSection
	GlobalSection(SolutionProperties) = preSolution
		HideSolutionNode = FALSE
	EndGlobalSection
	GlobalSection(ExtensibilityGlobals) = postSolution
		SolutionGuid = {1A4449D5-D878-43AC-BC29-DFE44DB5D346}
	EndGlobalSection
EndGlobal
